
Microsoft Visual Studio Solution File, Format Version 12.00
# Visual Studio Version 17
VisualStudioVersion = 17.0.31512.422
MinimumVisualStudioVersion = 10.0.40219.1
Project("{FAE04EC0-301F-11D3-BF4B-00C04F79EFBC}") = "TRMDataManager", "TRMDataManager\TRMDataManager.csproj", "{D887025D-7592-49C0-9C85-DDBF2E83984D}"
EndProject
Project("{00D1A9C2-B5F0-4AF3-8072-F6C62B433612}") = "TRMData", "TRMData\TRMData.sqlproj", "{949D69C7-83D3-4059-A2DC-470B16305FEC}"
EndProject
Project("{FAE04EC0-301F-11D3-BF4B-00C04F79EFBC}") = "TRMDesktopUI", "TRMDesktopUI\TRMDesktopUI.csproj", "{0036E1E1-0AD2-47B5-B991-ABEB569350E9}"
EndProject
Global
	GlobalSection(SolutionConfigurationPlatforms) = preSolution
		Debug|Any CPU = Debug|Any CPU
		Release|Any CPU = Release|Any CPU
	EndGlobalSection
	GlobalSection(ProjectConfigurationPlatforms) = postSolution
		{D887025D-7592-49C0-9C85-DDBF2E83984D}.Debug|Any CPU.ActiveCfg = Debug|Any CPU
		{D887025D-7592-49C0-9C85-DDBF2E83984D}.Debug|Any CPU.Build.0 = Debug|Any CPU
		{D887025D-7592-49C0-9C85-DDBF2E83984D}.Release|Any CPU.ActiveCfg = Release|Any CPU
		{D887025D-7592-49C0-9C85-DDBF2E83984D}.Release|Any CPU.Build.0 = Release|Any CPU
		{949D69C7-83D3-4059-A2DC-470B16305FEC}.Debug|Any CPU.ActiveCfg = Debug|Any CPU
		{949D69C7-83D3-4059-A2DC-470B16305FEC}.Debug|Any CPU.Build.0 = Debug|Any CPU
		{949D69C7-83D3-4059-A2DC-470B16305FEC}.Debug|Any CPU.Deploy.0 = Debug|Any CPU
		{949D69C7-83D3-4059-A2DC-470B16305FEC}.Release|Any CPU.ActiveCfg = Release|Any CPU
		{949D69C7-83D3-4059-A2DC-470B16305FEC}.Release|Any CPU.Build.0 = Release|Any CPU
		{949D69C7-83D3-4059-A2DC-470B16305FEC}.Release|Any CPU.Deploy.0 = Release|Any CPU
		{0036E1E1-0AD2-47B5-B991-ABEB569350E9}.Debug|Any CPU.ActiveCfg = Debug|Any CPU
		{0036E1E1-0AD2-47B5-B991-ABEB569350E9}.Debug|Any CPU.Build.0 = Debug|Any CPU
		{0036E1E1-0AD2-47B5-B991-ABEB569350E9}.Release|Any CPU.ActiveCfg = Release|Any CPU
		{0036E1E1-0AD2-47B5-B991-ABEB569350E9}.Release|Any CPU.Build.0 = Release|Any CPU
	EndGlobalSection
	GlobalSection(SolutionProperties) = preSolution
		HideSolutionNode = FALSE
	EndGlobalSection
	GlobalSection(ExtensibilityGlobals) = postSolution
		SolutionGuid = {8711FBB1-F957-4C39-9281-DF3D02AD438A}
	EndGlobalSection
EndGlobal
